
Microsoft Visual Studio Solution File, Format Version 12.00
# Visual Studio for Mac
Project("{FAE04EC0-301F-11D3-BF4B-00C04F79EFBC}") = "Assembly-CSharp", "Assembly-CSharp.csproj", "{FF357FE4-B0AF-0E4B-C52B-6AC36B510FC4}"
EndProject
Project("{FAE04EC0-301F-11D3-BF4B-00C04F79EFBC}") = "Assembly-CSharp-firstpass", "Assembly-CSharp-firstpass.csproj", "{1F9FCCF2-1DD7-8D95-E2C2-71E1533566D1}"
EndProject
Project("{FAE04EC0-301F-11D3-BF4B-00C04F79EFBC}") = "Assembly-CSharp-Editor-firstpass", "Assembly-CSharp-Editor-firstpass.csproj", "{41EEDC93-2AE1-2B36-759A-67C9397DE7B9}"
EndProject
Global
	GlobalSection(SolutionConfigurationPlatforms) = preSolution
		Debug|Any CPU = Debug|Any CPU
		Release|Any CPU = Release|Any CPU
	EndGlobalSection
	GlobalSection(ProjectConfigurationPlatforms) = postSolution
		{FF357FE4-B0AF-0E4B-C52B-6AC36B510FC4}.Debug|Any CPU.ActiveCfg = Debug|Any CPU
		{FF357FE4-B0AF-0E4B-C52B-6AC36B510FC4}.Debug|Any CPU.Build.0 = Debug|Any CPU
		{FF357FE4-B0AF-0E4B-C52B-6AC36B510FC4}.Release|Any CPU.ActiveCfg = Release|Any CPU
		{FF357FE4-B0AF-0E4B-C52B-6AC36B510FC4}.Release|Any CPU.Build.0 = Release|Any CPU
		{1F9FCCF2-1DD7-8D95-E2C2-71E1533566D1}.Debug|Any CPU.ActiveCfg = Debug|Any CPU
		{1F9FCCF2-1DD7-8D95-E2C2-71E1533566D1}.Debug|Any CPU.Build.0 = Debug|Any CPU
		{1F9FCCF2-1DD7-8D95-E2C2-71E1533566D1}.Release|Any CPU.ActiveCfg = Release|Any CPU
		{1F9FCCF2-1DD7-8D95-E2C2-71E1533566D1}.Release|Any CPU.Build.0 = Release|Any CPU
		{41EEDC93-2AE1-2B36-759A-67C9397DE7B9}.Debug|Any CPU.ActiveCfg = Debug|Any CPU
		{41EEDC93-2AE1-2B36-759A-67C9397DE7B9}.Debug|Any CPU.Build.0 = Debug|Any CPU
		{41EEDC93-2AE1-2B36-759A-67C9397DE7B9}.Release|Any CPU.ActiveCfg = Release|Any CPU
		{41EEDC93-2AE1-2B36-759A-67C9397DE7B9}.Release|Any CPU.Build.0 = Release|Any CPU
	EndGlobalSection
	GlobalSection(SolutionProperties) = preSolution
		HideSolutionNode = FALSE
	EndGlobalSection
EndGlobal
